
Microsoft Visual Studio Solution File, Format Version 12.00
# Visual Studio Version 17
VisualStudioVersion = 17.13.35931.197 d17.13
MinimumVisualStudioVersion = 10.0.40219.1
Project("{FAE04EC0-301F-11D3-BF4B-00C04F79EFBC}") = "HostelManagementSystem", "HostelManagementSystem\HostelManagementSystem.csproj", "{D46CA11B-26C0-4403-BBFA-083ABD7496EE}"
EndProject
Global
	GlobalSection(SolutionConfigurationPlatforms) = preSolution
		Debug|Any CPU = Debug|Any CPU
		Release|Any CPU = Release|Any CPU
	EndGlobalSection
	GlobalSection(ProjectConfigurationPlatforms) = postSolution
		{D46CA11B-26C0-4403-BBFA-083ABD7496EE}.Debug|Any CPU.ActiveCfg = Debug|Any CPU
		{D46CA11B-26C0-4403-BBFA-083ABD7496EE}.Debug|Any CPU.Build.0 = Debug|Any CPU
		{D46CA11B-26C0-4403-BBFA-083ABD7496EE}.Release|Any CPU.ActiveCfg = Release|Any CPU
		{D46CA11B-26C0-4403-BBFA-083ABD7496EE}.Release|Any CPU.Build.0 = Release|Any CPU
	EndGlobalSection
	GlobalSection(SolutionProperties) = preSolution
		HideSolutionNode = FALSE
	EndGlobalSection
	GlobalSection(ExtensibilityGlobals) = postSolution
		SolutionGuid = {27411506-AD2E-4996-82A8-D23963BC7174}
	EndGlobalSection
EndGlobal
